{
  "name": "node-red-contrib-velux",
  "version": "0.0.5",
  "lockfileVersion": 1,
  "requires": true,
  "dependencies": {
    "debug": {
      "version": "4.1.0",
      "resolved": "https://registry.npmjs.org/debug/-/debug-4.1.0.tgz",
      "integrity": "sha512-heNPJUJIqC+xB6ayLAMHaIrmN9HKa7aQO8MGqKpvCA+uJYVcvR6l5kgdrhRuwPFHU7P5/A1w0BjByPHwpfTDKg==",
      "requires": {
        "ms": "2.1.1"
      }
    },
    "ms": {
      "version": "2.1.1",
      "resolved": "https://registry.npmjs.org/ms/-/ms-2.1.1.tgz",
      "integrity": "sha512-tgp+dl5cGk28utYktBsrFqA7HKgrhgPsg6Z/EfhWI4gl1Hwq8B/GmY/0oXZ6nF8hDVesS/FpnYaD/kOWhYQvyg=="
    },
    "safe-buffer": {
      "version": "5.1.2",
      "resolved": "https://registry.npmjs.org/safe-buffer/-/safe-buffer-5.1.2.tgz",
      "integrity": "sha512-Gd2UZBJDkXlY7GbJxfsE8/nvKkUEU1G38c1siN6QP6a9PT9MmHB8GnpscSmMJSoF8LOIrt8ud/wPtojys4G6+g=="
    },
    "velux-klf200": {
      "version": "0.0.2",
      "resolved": "https://registry.npmjs.org/velux-klf200/-/velux-klf200-0.0.2.tgz",
      "integrity": "sha512-ke6yDTgxE4cLF2Py+5x5wOjaKKGKxzZoAOsd5yjQMFClwSyXVcCz5kpI4p93Pgz6b26kpecRJsVyY4mobYRvuA==",
      "requires": {
        "debug": "4.1.0",
        "velux-klf200-api": "0.1.1"
      }
    },
    "velux-klf200-api": {
      "version": "0.1.1",
      "resolved": "https://registry.npmjs.org/velux-klf200-api/-/velux-klf200-api-0.1.1.tgz",
      "integrity": "sha512-ApB2G7qCXXWamW28BrhSsNNg3whDvfINlquyVugWt6bw6sUK1ipZF10UJt/JhTbFlVE5Q7FfNDPN4ncJVWRv/g==",
      "requires": {
        "debug": "4.1.0",
        "safe-buffer": "5.1.2"
      }
    }
  }
}
